
Microsoft Visual Studio Solution File, Format Version 12.00
# Visual Studio Version 17
VisualStudioVersion = 17.0.31825.309
MinimumVisualStudioVersion = 10.0.40219.1
Project("{2150E333-8FDC-42A3-9474-1A3956D46DE8}") = "01_Client", "01_Client", "{8376DF2C-B1B7-48AA-B9C8-746F901AED81}"
EndProject
Project("{2150E333-8FDC-42A3-9474-1A3956D46DE8}") = "02_Server", "02_Server", "{00B44704-F01F-4E6A-A7F9-AF606A10E293}"
EndProject
Project("{2150E333-8FDC-42A3-9474-1A3956D46DE8}") = "Core", "Core", "{28AB34FF-34C8-4BBC-8996-7379EBE99F14}"
EndProject
Project("{2150E333-8FDC-42A3-9474-1A3956D46DE8}") = "Api", "Api", "{EBBC069A-0D7B-4B38-9565-92C2B3747924}"
EndProject
Project("{2150E333-8FDC-42A3-9474-1A3956D46DE8}") = "Infraestructura", "Infraestructura", "{DA4BF835-C255-4DC2-90E7-F647EDC2FC26}"
EndProject
Project("{2150E333-8FDC-42A3-9474-1A3956D46DE8}") = "Web", "Web", "{1431B533-1FEE-45B9-AF8E-0FDB425BBFCA}"
EndProject
Project("{9A19103F-16F7-4668-BE54-9A1E7A4F7556}") = "Infraestructura", "01_Client\Web\Infraestructura\Infraestructura.csproj", "{F1EF048B-6AEC-431C-85EE-362F2A7FA6EE}"
EndProject
Project("{9A19103F-16F7-4668-BE54-9A1E7A4F7556}") = "Aplicacion", "02_Server\Core\Aplicacion\Aplicacion.csproj", "{A27869D2-A8B2-4172-A13F-A48D38702DD0}"
EndProject
Project("{9A19103F-16F7-4668-BE54-9A1E7A4F7556}") = "Dominio", "02_Server\Core\Dominio\Dominio.csproj", "{F946FD37-D5E3-4D00-8EA3-5D95BCC06D0A}"
EndProject
Project("{9A19103F-16F7-4668-BE54-9A1E7A4F7556}") = "Persistencia", "02_Server\Infraestructura\Persistencia\Persistencia.csproj", "{F62F765D-E3F9-4CFE-B902-F68F5A4D0DF4}"
EndProject
Project("{9A19103F-16F7-4668-BE54-9A1E7A4F7556}") = "WebApi", "02_Server\Api\WebApi\WebApi.csproj", "{1482A7F4-7355-44C3-8975-8180880FF367}"
EndProject
Project("{9A19103F-16F7-4668-BE54-9A1E7A4F7556}") = "Shared", "02_Server\Infraestructura\Shared\Shared.csproj", "{D0C7EA3A-AB63-49B2-AC7B-B8DCFA149460}"
EndProject
Project("{9A19103F-16F7-4668-BE54-9A1E7A4F7556}") = "Identity", "02_Server\Infraestructura\Identity\Identity.csproj", "{F5A6F772-8E52-413E-AF4B-9B6062A0C08A}"
EndProject
Project("{2150E333-8FDC-42A3-9474-1A3956D46DE8}") = "Test", "Test", "{3481FF2C-AD5E-4167-98F4-4272B58509F3}"
EndProject
Project("{9A19103F-16F7-4668-BE54-9A1E7A4F7556}") = "Test", "02_Server\Test\Test.csproj", "{6FF7EEF5-BCC4-426C-8669-819B277B4BEE}"
EndProject
Project("{9A19103F-16F7-4668-BE54-9A1E7A4F7556}") = "Server", "01_Client\Web\Server\Server.csproj", "{9775DD60-C354-42F9-9AE1-7A93187055F3}"
EndProject
Global
	GlobalSection(SolutionConfigurationPlatforms) = preSolution
		Debug|Any CPU = Debug|Any CPU
		Release|Any CPU = Release|Any CPU
	EndGlobalSection
	GlobalSection(ProjectConfigurationPlatforms) = postSolution
		{F1EF048B-6AEC-431C-85EE-362F2A7FA6EE}.Debug|Any CPU.ActiveCfg = Debug|Any CPU
		{F1EF048B-6AEC-431C-85EE-362F2A7FA6EE}.Debug|Any CPU.Build.0 = Debug|Any CPU
		{F1EF048B-6AEC-431C-85EE-362F2A7FA6EE}.Release|Any CPU.ActiveCfg = Release|Any CPU
		{F1EF048B-6AEC-431C-85EE-362F2A7FA6EE}.Release|Any CPU.Build.0 = Release|Any CPU
		{A27869D2-A8B2-4172-A13F-A48D38702DD0}.Debug|Any CPU.ActiveCfg = Debug|Any CPU
		{A27869D2-A8B2-4172-A13F-A48D38702DD0}.Debug|Any CPU.Build.0 = Debug|Any CPU
		{A27869D2-A8B2-4172-A13F-A48D38702DD0}.Release|Any CPU.ActiveCfg = Release|Any CPU
		{A27869D2-A8B2-4172-A13F-A48D38702DD0}.Release|Any CPU.Build.0 = Release|Any CPU
		{F946FD37-D5E3-4D00-8EA3-5D95BCC06D0A}.Debug|Any CPU.ActiveCfg = Debug|Any CPU
		{F946FD37-D5E3-4D00-8EA3-5D95BCC06D0A}.Debug|Any CPU.Build.0 = Debug|Any CPU
		{F946FD37-D5E3-4D00-8EA3-5D95BCC06D0A}.Release|Any CPU.ActiveCfg = Release|Any CPU
		{F946FD37-D5E3-4D00-8EA3-5D95BCC06D0A}.Release|Any CPU.Build.0 = Release|Any CPU
		{F62F765D-E3F9-4CFE-B902-F68F5A4D0DF4}.Debug|Any CPU.ActiveCfg = Debug|Any CPU
		{F62F765D-E3F9-4CFE-B902-F68F5A4D0DF4}.Debug|Any CPU.Build.0 = Debug|Any CPU
		{F62F765D-E3F9-4CFE-B902-F68F5A4D0DF4}.Release|Any CPU.ActiveCfg = Release|Any CPU
		{F62F765D-E3F9-4CFE-B902-F68F5A4D0DF4}.Release|Any CPU.Build.0 = Release|Any CPU
		{1482A7F4-7355-44C3-8975-8180880FF367}.Debug|Any CPU.ActiveCfg = Debug|Any CPU
		{1482A7F4-7355-44C3-8975-8180880FF367}.Debug|Any CPU.Build.0 = Debug|Any CPU
		{1482A7F4-7355-44C3-8975-8180880FF367}.Release|Any CPU.ActiveCfg = Release|Any CPU
		{1482A7F4-7355-44C3-8975-8180880FF367}.Release|Any CPU.Build.0 = Release|Any CPU
		{D0C7EA3A-AB63-49B2-AC7B-B8DCFA149460}.Debug|Any CPU.ActiveCfg = Debug|Any CPU
		{D0C7EA3A-AB63-49B2-AC7B-B8DCFA149460}.Debug|Any CPU.Build.0 = Debug|Any CPU
		{D0C7EA3A-AB63-49B2-AC7B-B8DCFA149460}.Release|Any CPU.ActiveCfg = Release|Any CPU
		{D0C7EA3A-AB63-49B2-AC7B-B8DCFA149460}.Release|Any CPU.Build.0 = Release|Any CPU
		{F5A6F772-8E52-413E-AF4B-9B6062A0C08A}.Debug|Any CPU.ActiveCfg = Debug|Any CPU
		{F5A6F772-8E52-413E-AF4B-9B6062A0C08A}.Debug|Any CPU.Build.0 = Debug|Any CPU
		{F5A6F772-8E52-413E-AF4B-9B6062A0C08A}.Release|Any CPU.ActiveCfg = Release|Any CPU
		{F5A6F772-8E52-413E-AF4B-9B6062A0C08A}.Release|Any CPU.Build.0 = Release|Any CPU
		{6FF7EEF5-BCC4-426C-8669-819B277B4BEE}.Debug|Any CPU.ActiveCfg = Debug|Any CPU
		{6FF7EEF5-BCC4-426C-8669-819B277B4BEE}.Debug|Any CPU.Build.0 = Debug|Any CPU
		{6FF7EEF5-BCC4-426C-8669-819B277B4BEE}.Release|Any CPU.ActiveCfg = Release|Any CPU
		{6FF7EEF5-BCC4-426C-8669-819B277B4BEE}.Release|Any CPU.Build.0 = Release|Any CPU
		{9775DD60-C354-42F9-9AE1-7A93187055F3}.Debug|Any CPU.ActiveCfg = Debug|Any CPU
		{9775DD60-C354-42F9-9AE1-7A93187055F3}.Debug|Any CPU.Build.0 = Debug|Any CPU
		{9775DD60-C354-42F9-9AE1-7A93187055F3}.Release|Any CPU.ActiveCfg = Release|Any CPU
		{9775DD60-C354-42F9-9AE1-7A93187055F3}.Release|Any CPU.Build.0 = Release|Any CPU
	EndGlobalSection
	GlobalSection(SolutionProperties) = preSolution
		HideSolutionNode = FALSE
	EndGlobalSection
	GlobalSection(NestedProjects) = preSolution
		{28AB34FF-34C8-4BBC-8996-7379EBE99F14} = {00B44704-F01F-4E6A-A7F9-AF606A10E293}
		{EBBC069A-0D7B-4B38-9565-92C2B3747924} = {00B44704-F01F-4E6A-A7F9-AF606A10E293}
		{DA4BF835-C255-4DC2-90E7-F647EDC2FC26} = {00B44704-F01F-4E6A-A7F9-AF606A10E293}
		{1431B533-1FEE-45B9-AF8E-0FDB425BBFCA} = {8376DF2C-B1B7-48AA-B9C8-746F901AED81}
		{F1EF048B-6AEC-431C-85EE-362F2A7FA6EE} = {1431B533-1FEE-45B9-AF8E-0FDB425BBFCA}
		{A27869D2-A8B2-4172-A13F-A48D38702DD0} = {28AB34FF-34C8-4BBC-8996-7379EBE99F14}
		{F946FD37-D5E3-4D00-8EA3-5D95BCC06D0A} = {28AB34FF-34C8-4BBC-8996-7379EBE99F14}
		{F62F765D-E3F9-4CFE-B902-F68F5A4D0DF4} = {DA4BF835-C255-4DC2-90E7-F647EDC2FC26}
		{1482A7F4-7355-44C3-8975-8180880FF367} = {EBBC069A-0D7B-4B38-9565-92C2B3747924}
		{D0C7EA3A-AB63-49B2-AC7B-B8DCFA149460} = {DA4BF835-C255-4DC2-90E7-F647EDC2FC26}
		{F5A6F772-8E52-413E-AF4B-9B6062A0C08A} = {DA4BF835-C255-4DC2-90E7-F647EDC2FC26}
		{3481FF2C-AD5E-4167-98F4-4272B58509F3} = {00B44704-F01F-4E6A-A7F9-AF606A10E293}
		{6FF7EEF5-BCC4-426C-8669-819B277B4BEE} = {3481FF2C-AD5E-4167-98F4-4272B58509F3}
		{9775DD60-C354-42F9-9AE1-7A93187055F3} = {1431B533-1FEE-45B9-AF8E-0FDB425BBFCA}
	EndGlobalSection
	GlobalSection(ExtensibilityGlobals) = postSolution
		SolutionGuid = {1E3ECE16-7FBA-40FA-AD1F-372F2A5FAEBB}
	EndGlobalSection
EndGlobal
